
Microsoft Visual Studio Solution File, Format Version 12.00
# Visual Studio Version 16
VisualStudioVersion = 16.0.30717.126
MinimumVisualStudioVersion = 15.0.26124.0
Project("{9A19103F-16F7-4668-BE54-9A1E7A4F7556}") = "ObjCompare", "src\ObjCompare\ObjCompare.csproj", "{350F9A79-9651-4106-87EA-7528700CC200}"
EndProject
Project("{9A19103F-16F7-4668-BE54-9A1E7A4F7556}") = "ObjCompare.Tests", "tests\ObjCompare.Tests\ObjCompare.Tests.csproj", "{848B99C5-8A17-4683-814C-E2C948EE50EB}"
EndProject
Global
	GlobalSection(SolutionConfigurationPlatforms) = preSolution
		Debug|Any CPU = Debug|Any CPU
		Debug|x64 = Debug|x64
		Debug|x86 = Debug|x86
		Release|Any CPU = Release|Any CPU
		Release|x64 = Release|x64
		Release|x86 = Release|x86
	EndGlobalSection
	GlobalSection(ProjectConfigurationPlatforms) = postSolution
		{350F9A79-9651-4106-87EA-7528700CC200}.Debug|Any CPU.ActiveCfg = Debug|Any CPU
		{350F9A79-9651-4106-87EA-7528700CC200}.Debug|Any CPU.Build.0 = Debug|Any CPU
		{350F9A79-9651-4106-87EA-7528700CC200}.Debug|x64.ActiveCfg = Debug|Any CPU
		{350F9A79-9651-4106-87EA-7528700CC200}.Debug|x64.Build.0 = Debug|Any CPU
		{350F9A79-9651-4106-87EA-7528700CC200}.Debug|x86.ActiveCfg = Debug|Any CPU
		{350F9A79-9651-4106-87EA-7528700CC200}.Debug|x86.Build.0 = Debug|Any CPU
		{350F9A79-9651-4106-87EA-7528700CC200}.Release|Any CPU.ActiveCfg = Release|Any CPU
		{350F9A79-9651-4106-87EA-7528700CC200}.Release|Any CPU.Build.0 = Release|Any CPU
		{350F9A79-9651-4106-87EA-7528700CC200}.Release|x64.ActiveCfg = Release|Any CPU
		{350F9A79-9651-4106-87EA-7528700CC200}.Release|x64.Build.0 = Release|Any CPU
		{350F9A79-9651-4106-87EA-7528700CC200}.Release|x86.ActiveCfg = Release|Any CPU
		{350F9A79-9651-4106-87EA-7528700CC200}.Release|x86.Build.0 = Release|Any CPU
		{848B99C5-8A17-4683-814C-E2C948EE50EB}.Debug|Any CPU.ActiveCfg = Debug|Any CPU
		{848B99C5-8A17-4683-814C-E2C948EE50EB}.Debug|Any CPU.Build.0 = Debug|Any CPU
		{848B99C5-8A17-4683-814C-E2C948EE50EB}.Debug|x64.ActiveCfg = Debug|Any CPU
		{848B99C5-8A17-4683-814C-E2C948EE50EB}.Debug|x64.Build.0 = Debug|Any CPU
		{848B99C5-8A17-4683-814C-E2C948EE50EB}.Debug|x86.ActiveCfg = Debug|Any CPU
		{848B99C5-8A17-4683-814C-E2C948EE50EB}.Debug|x86.Build.0 = Debug|Any CPU
		{848B99C5-8A17-4683-814C-E2C948EE50EB}.Release|Any CPU.ActiveCfg = Release|Any CPU
		{848B99C5-8A17-4683-814C-E2C948EE50EB}.Release|Any CPU.Build.0 = Release|Any CPU
		{848B99C5-8A17-4683-814C-E2C948EE50EB}.Release|x64.ActiveCfg = Release|Any CPU
		{848B99C5-8A17-4683-814C-E2C948EE50EB}.Release|x64.Build.0 = Release|Any CPU
		{848B99C5-8A17-4683-814C-E2C948EE50EB}.Release|x86.ActiveCfg = Release|Any CPU
		{848B99C5-8A17-4683-814C-E2C948EE50EB}.Release|x86.Build.0 = Release|Any CPU
	EndGlobalSection
	GlobalSection(SolutionProperties) = preSolution
		HideSolutionNode = FALSE
	EndGlobalSection
	GlobalSection(ExtensibilityGlobals) = postSolution
		SolutionGuid = {FBFC34AD-723B-46F0-87BF-F5D00F854099}
	EndGlobalSection
EndGlobal
